// !$*UTF8*$!
{
	archiveVersion = 1;
	classes = {
	};
	objectVersion = 46;
	objects = {

/* Begin PBXBuildFile section */
		8BCE305F1E5555BE00CC0DD4 /* Date+Extention.swift in Sources */ = {isa = PBXBuildFile; fileRef = 8BCE305E1E5555BE00CC0DD4 /* Date+Extention.swift */; };
		8BCE30611E55966700CC0DD4 /* CalendarDate.swift in Sources */ = {isa = PBXBuildFile; fileRef = 8BCE30601E55966700CC0DD4 /* CalendarDate.swift */; };
		8BF60E541E4801B000EA05EB /* AppDelegate.swift in Sources */ = {isa = PBXBuildFile; fileRef = 8BF60E531E4801B000EA05EB /* AppDelegate.swift */; };
		8BF60E5B1E4801B000EA05EB /* Assets.xcassets in Resources */ = {isa = PBXBuildFile; fileRef = 8BF60E5A1E4801B000EA05EB /* Assets.xcassets */; };
		8BF60E5E1E4801B000EA05EB /* LaunchScreen.storyboard in Resources */ = {isa = PBXBuildFile; fileRef = 8BF60E5C1E4801B000EA05EB /* LaunchScreen.storyboard */; };
		8BF60E6A1E4807A400EA05EB /* DateCell.swift in Sources */ = {isa = PBXBuildFile; fileRef = 8BF60E691E4807A400EA05EB /* DateCell.swift */; };
		8BF60E6C1E480D1200EA05EB /* MonthlyDateManager.swift in Sources */ = {isa = PBXBuildFile; fileRef = 8BF60E6B1E480D1200EA05EB /* MonthlyDateManager.swift */; };
		8BF60E6F1E48695400EA05EB /* RoundLabel.swift in Sources */ = {isa = PBXBuildFile; fileRef = 8BF60E6E1E48695400EA05EB /* RoundLabel.swift */; };
		8BF60E711E4896AC00EA05EB /* RoundView.swift in Sources */ = {isa = PBXBuildFile; fileRef = 8BF60E701E4896AC00EA05EB /* RoundView.swift */; };
		8BF60E831E4AA43800EA05EB /* CalendarPageViewController.swift in Sources */ = {isa = PBXBuildFile; fileRef = 8BF60E821E4AA43800EA05EB /* CalendarPageViewController.swift */; };
		8BF60E851E4AA5E700EA05EB /* DateCollectionViewController.swift in Sources */ = {isa = PBXBuildFile; fileRef = 8BF60E841E4AA5E700EA05EB /* DateCollectionViewController.swift */; };
		8BF60E871E4AA64800EA05EB /* DateCollectionViewController.storyboard in Resources */ = {isa = PBXBuildFile; fileRef = 8BF60E861E4AA64800EA05EB /* DateCollectionViewController.storyboard */; };
		8BF60E891E4AB17A00EA05EB /* CalendarViewController.swift in Sources */ = {isa = PBXBuildFile; fileRef = 8BF60E881E4AB17A00EA05EB /* CalendarViewController.swift */; };
		8BF60E8B1E4AB2BE00EA05EB /* CalendarViewController.storyboard in Resources */ = {isa = PBXBuildFile; fileRef = 8BF60E8A1E4AB2BE00EA05EB /* CalendarViewController.storyboard */; };
		8BF60E8F1E4ABB4500EA05EB /* StoryboardInstantiatable.swift in Sources */ = {isa = PBXBuildFile; fileRef = 8BF60E8D1E4ABB4500EA05EB /* StoryboardInstantiatable.swift */; };
		8BF60E901E4ABB4500EA05EB /* XibInstantiatable.swift in Sources */ = {isa = PBXBuildFile; fileRef = 8BF60E8E1E4ABB4500EA05EB /* XibInstantiatable.swift */; };
		8BF60E931E4C364200EA05EB /* DateManager.swift in Sources */ = {isa = PBXBuildFile; fileRef = 8BF60E921E4C364200EA05EB /* DateManager.swift */; };
		8BF60E951E4C407200EA05EB /* WeeklyDateManager.swift in Sources */ = {isa = PBXBuildFile; fileRef = 8BF60E941E4C407200EA05EB /* WeeklyDateManager.swift */; };
		8BF60E981E4D591C00EA05EB /* Content.swift in Sources */ = {isa = PBXBuildFile; fileRef = 8BF60E971E4D591B00EA05EB /* Content.swift */; };
/* End PBXBuildFile section */

/* Begin PBXFileReference section */
		8BCE305E1E5555BE00CC0DD4 /* Date+Extention.swift */ = {isa = PBXFileReference; fileEncoding = 4; lastKnownFileType = sourcecode.swift; path = "Date+Extention.swift"; sourceTree = "<group>"; };
		8BCE30601E55966700CC0DD4 /* CalendarDate.swift */ = {isa = PBXFileReference; fileEncoding = 4; lastKnownFileType = sourcecode.swift; path = CalendarDate.swift; sourceTree = "<group>"; };
		8BF60E501E4801B000EA05EB /* CalendarViewDemo.app */ = {isa = PBXFileReference; explicitFileType = wrapper.application; includeInIndex = 0; path = CalendarViewDemo.app; sourceTree = BUILT_PRODUCTS_DIR; };
		8BF60E531E4801B000EA05EB /* AppDelegate.swift */ = {isa = PBXFileReference; lastKnownFileType = sourcecode.swift; path = AppDelegate.swift; sourceTree = "<group>"; };
		8BF60E5A1E4801B000EA05EB /* Assets.xcassets */ = {isa = PBXFileReference; lastKnownFileType = folder.assetcatalog; path = Assets.xcassets; sourceTree = "<group>"; };
		8BF60E5D1E4801B000EA05EB /* Base */ = {isa = PBXFileReference; lastKnownFileType = file.storyboard; name = Base; path = Base.lproj/LaunchScreen.storyboard; sourceTree = "<group>"; };
		8BF60E5F1E4801B000EA05EB /* Info.plist */ = {isa = PBXFileReference; lastKnownFileType = text.plist.xml; path = Info.plist; sourceTree = "<group>"; };
		8BF60E691E4807A400EA05EB /* DateCell.swift */ = {isa = PBXFileReference; fileEncoding = 4; lastKnownFileType = sourcecode.swift; path = DateCell.swift; sourceTree = "<group>"; };
		8BF60E6B1E480D1200EA05EB /* MonthlyDateManager.swift */ = {isa = PBXFileReference; fileEncoding = 4; lastKnownFileType = sourcecode.swift; path = MonthlyDateManager.swift; sourceTree = "<group>"; };
		8BF60E6E1E48695400EA05EB /* RoundLabel.swift */ = {isa = PBXFileReference; fileEncoding = 4; lastKnownFileType = sourcecode.swift; path = RoundLabel.swift; sourceTree = "<group>"; };
		8BF60E701E4896AC00EA05EB /* RoundView.swift */ = {isa = PBXFileReference; fileEncoding = 4; lastKnownFileType = sourcecode.swift; path = RoundView.swift; sourceTree = "<group>"; };
		8BF60E821E4AA43800EA05EB /* CalendarPageViewController.swift */ = {isa = PBXFileReference; fileEncoding = 4; lastKnownFileType = sourcecode.swift; path = CalendarPageViewController.swift; sourceTree = "<group>"; };
		8BF60E841E4AA5E700EA05EB /* DateCollectionViewController.swift */ = {isa = PBXFileReference; fileEncoding = 4; lastKnownFileType = sourcecode.swift; path = DateCollectionViewController.swift; sourceTree = "<group>"; };
		8BF60E861E4AA64800EA05EB /* DateCollectionViewController.storyboard */ = {isa = PBXFileReference; fileEncoding = 4; lastKnownFileType = file.storyboard; path = DateCollectionViewController.storyboard; sourceTree = "<group>"; };
		8BF60E881E4AB17A00EA05EB /* CalendarViewController.swift */ = {isa = PBXFileReference; fileEncoding = 4; lastKnownFileType = sourcecode.swift; path = CalendarViewController.swift; sourceTree = "<group>"; };
		8BF60E8A1E4AB2BE00EA05EB /* CalendarViewController.storyboard */ = {isa = PBXFileReference; fileEncoding = 4; lastKnownFileType = file.storyboard; path = CalendarViewController.storyboard; sourceTree = "<group>"; };
		8BF60E8D1E4ABB4500EA05EB /* StoryboardInstantiatable.swift */ = {isa = PBXFileReference; fileEncoding = 4; lastKnownFileType = sourcecode.swift; path = StoryboardInstantiatable.swift; sourceTree = "<group>"; };
		8BF60E8E1E4ABB4500EA05EB /* XibInstantiatable.swift */ = {isa = PBXFileReference; fileEncoding = 4; lastKnownFileType = sourcecode.swift; path = XibInstantiatable.swift; sourceTree = "<group>"; };
		8BF60E921E4C364200EA05EB /* DateManager.swift */ = {isa = PBXFileReference; fileEncoding = 4; lastKnownFileType = sourcecode.swift; path = DateManager.swift; sourceTree = "<group>"; };
		8BF60E941E4C407200EA05EB /* WeeklyDateManager.swift */ = {isa = PBXFileReference; fileEncoding = 4; lastKnownFileType = sourcecode.swift; path = WeeklyDateManager.swift; sourceTree = "<group>"; };
		8BF60E971E4D591B00EA05EB /* Content.swift */ = {isa = PBXFileReference; fileEncoding = 4; lastKnownFileType = sourcecode.swift; path = Content.swift; sourceTree = "<group>"; };
/* End PBXFileReference section */

/* Begin PBXFrameworksBuildPhase section */
		8BF60E4D1E4801B000EA05EB /* Frameworks */ = {
			isa = PBXFrameworksBuildPhase;
			buildActionMask = 2147483647;
			files = (
			);
			runOnlyForDeploymentPostprocessing = 0;
		};
/* End PBXFrameworksBuildPhase section */

/* Begin PBXGroup section */
		8BF60E471E4801B000EA05EB = {
			isa = PBXGroup;
			children = (
				8BF60E521E4801B000EA05EB /* CalendarViewDemo */,
				8BF60E511E4801B000EA05EB /* Products */,
			);
			sourceTree = "<group>";
		};
		8BF60E511E4801B000EA05EB /* Products */ = {
			isa = PBXGroup;
			children = (
				8BF60E501E4801B000EA05EB /* CalendarViewDemo.app */,
			);
			name = Products;
			sourceTree = "<group>";
		};
		8BF60E521E4801B000EA05EB /* CalendarViewDemo */ = {
			isa = PBXGroup;
			children = (
				8BF60E531E4801B000EA05EB /* AppDelegate.swift */,
				8BF60E6D1E4868F400EA05EB /* UIs */,
				8BF60E911E4C35BE00EA05EB /* Collection */,
				8BF60E961E4D590100EA05EB /* Model */,
				8BF60E8C1E4ABB4500EA05EB /* Utilities */,
				8BF60E5A1E4801B000EA05EB /* Assets.xcassets */,
				8BF60E5C1E4801B000EA05EB /* LaunchScreen.storyboard */,
				8BF60E5F1E4801B000EA05EB /* Info.plist */,
			);
			path = CalendarViewDemo;
			sourceTree = "<group>";
		};
		8BF60E6D1E4868F400EA05EB /* UIs */ = {
			isa = PBXGroup;
			children = (
				8BF60E761E4966A600EA05EB /* CalendarView */,
				8BF60E771E4966BE00EA05EB /* Designable */,
			);
			name = UIs;
			sourceTree = "<group>";
		};
		8BF60E761E4966A600EA05EB /* CalendarView */ = {
			isa = PBXGroup;
			children = (
				8BF60E8A1E4AB2BE00EA05EB /* CalendarViewController.storyboard */,
				8BF60E881E4AB17A00EA05EB /* CalendarViewController.swift */,
				8BF60E821E4AA43800EA05EB /* CalendarPageViewController.swift */,
				8BF60E861E4AA64800EA05EB /* DateCollectionViewController.storyboard */,
				8BF60E841E4AA5E700EA05EB /* DateCollectionViewController.swift */,
				8BF60E691E4807A400EA05EB /* DateCell.swift */,
			);
			name = CalendarView;
			sourceTree = "<group>";
		};
		8BF60E771E4966BE00EA05EB /* Designable */ = {
			isa = PBXGroup;
			children = (
				8BF60E6E1E48695400EA05EB /* RoundLabel.swift */,
				8BF60E701E4896AC00EA05EB /* RoundView.swift */,
			);
			name = Designable;
			sourceTree = "<group>";
		};
		8BF60E8C1E4ABB4500EA05EB /* Utilities */ = {
			isa = PBXGroup;
			children = (
				8BF60E8D1E4ABB4500EA05EB /* StoryboardInstantiatable.swift */,
				8BF60E8E1E4ABB4500EA05EB /* XibInstantiatable.swift */,
				8BCE305E1E5555BE00CC0DD4 /* Date+Extention.swift */,
			);
			path = Utilities;
			sourceTree = "<group>";
		};
		8BF60E911E4C35BE00EA05EB /* Collection */ = {
			isa = PBXGroup;
			children = (
				8BF60E921E4C364200EA05EB /* DateManager.swift */,
				8BF60E6B1E480D1200EA05EB /* MonthlyDateManager.swift */,
				8BF60E941E4C407200EA05EB /* WeeklyDateManager.swift */,
			);
			name = Collection;
			sourceTree = "<group>";
		};
		8BF60E961E4D590100EA05EB /* Model */ = {
			isa = PBXGroup;
			children = (
				8BF60E971E4D591B00EA05EB /* Content.swift */,
				8BCE30601E55966700CC0DD4 /* CalendarDate.swift */,
			);
			name = Model;
			sourceTree = "<group>";
		};
/* End PBXGroup section */

/* Begin PBXNativeTarget section */
		8BF60E4F1E4801B000EA05EB /* CalendarViewDemo */ = {
			isa = PBXNativeTarget;
			buildConfigurationList = 8BF60E621E4801B000EA05EB /* Build configuration list for PBXNativeTarget "CalendarViewDemo" */;
			buildPhases = (
				8BF60E4C1E4801B000EA05EB /* Sources */,
				8BF60E4D1E4801B000EA05EB /* Frameworks */,
				8BF60E4E1E4801B000EA05EB /* Resources */,
			);
			buildRules = (
			);
			dependencies = (
			);
			name = CalendarViewDemo;
			productName = CalendarViewDemo;
			productReference = 8BF60E501E4801B000EA05EB /* CalendarViewDemo.app */;
			productType = "com.apple.product-type.application";
		};
/* End PBXNativeTarget section */

/* Begin PBXProject section */
		8BF60E481E4801B000EA05EB /* Project object */ = {
			isa = PBXProject;
			attributes = {
				LastSwiftUpdateCheck = 0820;
				LastUpgradeCheck = 0820;
				ORGANIZATIONNAME = g.lee;
				TargetAttributes = {
					8BF60E4F1E4801B000EA05EB = {
						CreatedOnToolsVersion = 8.2.1;
						DevelopmentTeam = FJ4U7R259J;
						ProvisioningStyle = Automatic;
					};
				};
			};
			buildConfigurationList = 8BF60E4B1E4801B000EA05EB /* Build configuration list for PBXProject "CalendarViewDemo" */;
			compatibilityVersion = "Xcode 3.2";
			developmentRegion = English;
			hasScannedForEncodings = 0;
			knownRegions = (
				en,
				Base,
			);
			mainGroup = 8BF60E471E4801B000EA05EB;
			productRefGroup = 8BF60E511E4801B000EA05EB /* Products */;
			projectDirPath = "";
			projectRoot = "";
			targets = (
				8BF60E4F1E4801B000EA05EB /* CalendarViewDemo */,
			);
		};
/* End PBXProject section */

/* Begin PBXResourcesBuildPhase section */
		8BF60E4E1E4801B000EA05EB /* Resources */ = {
			isa = PBXResourcesBuildPhase;
			buildActionMask = 2147483647;
			files = (
				8BF60E5E1E4801B000EA05EB /* LaunchScreen.storyboard in Resources */,
				8BF60E5B1E4801B000EA05EB /* Assets.xcassets in Resources */,
				8BF60E871E4AA64800EA05EB /* DateCollectionViewController.storyboard in Resources */,
				8BF60E8B1E4AB2BE00EA05EB /* CalendarViewController.storyboard in Resources */,
			);
			runOnlyForDeploymentPostprocessing = 0;
		};
/* End PBXResourcesBuildPhase section */

/* Begin PBXSourcesBuildPhase section */
		8BF60E4C1E4801B000EA05EB /* Sources */ = {
			isa = PBXSourcesBuildPhase;
			buildActionMask = 2147483647;
			files = (
				8BF60E891E4AB17A00EA05EB /* CalendarViewController.swift in Sources */,
				8BF60E6C1E480D1200EA05EB /* MonthlyDateManager.swift in Sources */,
				8BF60E6A1E4807A400EA05EB /* DateCell.swift in Sources */,
				8BF60E6F1E48695400EA05EB /* RoundLabel.swift in Sources */,
				8BF60E901E4ABB4500EA05EB /* XibInstantiatable.swift in Sources */,
				8BF60E831E4AA43800EA05EB /* CalendarPageViewController.swift in Sources */,
				8BF60E541E4801B000EA05EB /* AppDelegate.swift in Sources */,
				8BCE30611E55966700CC0DD4 /* CalendarDate.swift in Sources */,
				8BF60E981E4D591C00EA05EB /* Content.swift in Sources */,
				8BF60E931E4C364200EA05EB /* DateManager.swift in Sources */,
				8BF60E951E4C407200EA05EB /* WeeklyDateManager.swift in Sources */,
				8BF60E8F1E4ABB4500EA05EB /* StoryboardInstantiatable.swift in Sources */,
				8BF60E851E4AA5E700EA05EB /* DateCollectionViewController.swift in Sources */,
				8BF60E711E4896AC00EA05EB /* RoundView.swift in Sources */,
				8BCE305F1E5555BE00CC0DD4 /* Date+Extention.swift in Sources */,
			);
			runOnlyForDeploymentPostprocessing = 0;
		};
/* End PBXSourcesBuildPhase section */

/* Begin PBXVariantGroup section */
		8BF60E5C1E4801B000EA05EB /* LaunchScreen.storyboard */ = {
			isa = PBXVariantGroup;
			children = (
				8BF60E5D1E4801B000EA05EB /* Base */,
			);
			name = LaunchScreen.storyboard;
			sourceTree = "<group>";
		};
/* End PBXVariantGroup section */

/* Begin XCBuildConfiguration section */
		8BF60E601E4801B000EA05EB /* Debug */ = {
			isa = XCBuildConfiguration;
			buildSettings = {
				ALWAYS_SEARCH_USER_PATHS = NO;
				CLANG_ANALYZER_NONNULL = YES;
				CLANG_CXX_LANGUAGE_STANDARD = "gnu++0x";
				CLANG_CXX_LIBRARY = "libc++";
				CLANG_ENABLE_MODULES = YES;
				CLANG_ENABLE_OBJC_ARC = YES;
				CLANG_WARN_BOOL_CONVERSION = YES;
				CLANG_WARN_CONSTANT_CONVERSION = YES;
				CLANG_WARN_DIRECT_OBJC_ISA_USAGE = YES_ERROR;
				CLANG_WARN_DOCUMENTATION_COMMENTS = YES;
				CLANG_WARN_EMPTY_BODY = YES;
				CLANG_WARN_ENUM_CONVERSION = YES;
				CLANG_WARN_INFINITE_RECURSION = YES;
				CLANG_WARN_INT_CONVERSION = YES;
				CLANG_WARN_OBJC_ROOT_CLASS = YES_ERROR;
				CLANG_WARN_SUSPICIOUS_MOVE = YES;
				CLANG_WARN_UNREACHABLE_CODE = YES;
				CLANG_WARN__DUPLICATE_METHOD_MATCH = YES;
				"CODE_SIGN_IDENTITY[sdk=iphoneos*]" = "iPhone Developer";
				COPY_PHASE_STRIP = NO;
				DEBUG_INFORMATION_FORMAT = dwarf;
				ENABLE_STRICT_OBJC_MSGSEND = YES;
				ENABLE_TESTABILITY = YES;
				GCC_C_LANGUAGE_STANDARD = gnu99;
				GCC_DYNAMIC_NO_PIC = NO;
				GCC_NO_COMMON_BLOCKS = YES;
				GCC_OPTIMIZATION_LEVEL = 0;
				GCC_PREPROCESSOR_DEFINITIONS = (
					"DEBUG=1",
					"$(inherited)",
				);
				GCC_WARN_64_TO_32_BIT_CONVERSION = YES;
				GCC_WARN_ABOUT_RETURN_TYPE = YES_ERROR;
				GCC_WARN_UNDECLARED_SELECTOR = YES;
				GCC_WARN_UNINITIALIZED_AUTOS = YES_AGGRESSIVE;
				GCC_WARN_UNUSED_FUNCTION = YES;
				GCC_WARN_UNUSED_VARIABLE = YES;
				IPHONEOS_DEPLOYMENT_TARGET = 10.2;
				MTL_ENABLE_DEBUG_INFO = YES;
				ONLY_ACTIVE_ARCH = YES;
				SDKROOT = iphoneos;
				SWIFT_ACTIVE_COMPILATION_CONDITIONS = DEBUG;
				SWIFT_OPTIMIZATION_LEVEL = "-Onone";
				TARGETED_DEVICE_FAMILY = "1,2";
			};
			name = Debug;
		};
		8BF60E611E4801B000EA05EB /* Release */ = {
			isa = XCBuildConfiguration;
			buildSettings = {
				ALWAYS_SEARCH_USER_PATHS = NO;
				CLANG_ANALYZER_NONNULL = YES;
				CLANG_CXX_LANGUAGE_STANDARD = "gnu++0x";
				CLANG_CXX_LIBRARY = "libc++";
				CLANG_ENABLE_MODULES = YES;
				CLANG_ENABLE_OBJC_ARC = YES;
				CLANG_WARN_BOOL_CONVERSION = YES;
				CLANG_WARN_CONSTANT_CONVERSION = YES;
				CLANG_WARN_DIRECT_OBJC_ISA_USAGE = YES_ERROR;
				CLANG_WARN_DOCUMENTATION_COMMENTS = YES;
				CLANG_WARN_EMPTY_BODY = YES;
				CLANG_WARN_ENUM_CONVERSION = YES;
				CLANG_WARN_INFINITE_RECURSION = YES;
				CLANG_WARN_INT_CONVERSION = YES;
				CLANG_WARN_OBJC_ROOT_CLASS = YES_ERROR;
				CLANG_WARN_SUSPICIOUS_MOVE = YES;
				CLANG_WARN_UNREACHABLE_CODE = YES;
				CLANG_WARN__DUPLICATE_METHOD_MATCH = YES;
				"CODE_SIGN_IDENTITY[sdk=iphoneos*]" = "iPhone Developer";
				COPY_PHASE_STRIP = NO;
				DEBUG_INFORMATION_FORMAT = "dwarf-with-dsym";
				ENABLE_NS_ASSERTIONS = NO;
				ENABLE_STRICT_OBJC_MSGSEND = YES;
				GCC_C_LANGUAGE_STANDARD = gnu99;
				GCC_NO_COMMON_BLOCKS = YES;
				GCC_WARN_64_TO_32_BIT_CONVERSION = YES;
				GCC_WARN_ABOUT_RETURN_TYPE = YES_ERROR;
				GCC_WARN_UNDECLARED_SELECTOR = YES;
				GCC_WARN_UNINITIALIZED_AUTOS = YES_AGGRESSIVE;
				GCC_WARN_UNUSED_FUNCTION = YES;
				GCC_WARN_UNUSED_VARIABLE = YES;
				IPHONEOS_DEPLOYMENT_TARGET = 10.2;
				MTL_ENABLE_DEBUG_INFO = NO;
				SDKROOT = iphoneos;
				SWIFT_OPTIMIZATION_LEVEL = "-Owholemodule";
				TARGETED_DEVICE_FAMILY = "1,2";
				VALIDATE_PRODUCT = YES;
			};
			name = Release;
		};
		8BF60E631E4801B000EA05EB /* Debug */ = {
			isa = XCBuildConfiguration;
			buildSettings = {
				ASSETCATALOG_COMPILER_APPICON_NAME = AppIcon;
				DEVELOPMENT_TEAM = FJ4U7R259J;
				INFOPLIST_FILE = CalendarViewDemo/Info.plist;
				LD_RUNPATH_SEARCH_PATHS = "$(inherited) @executable_path/Frameworks";
				PRODUCT_BUNDLE_IDENTIFIER = "Ohako-products.CalendarViewDemo";
				PRODUCT_NAME = "$(TARGET_NAME)";
				SWIFT_VERSION = 3.0;
			};
			name = Debug;
		};
		8BF60E641E4801B000EA05EB /* Release */ = {
			isa = XCBuildConfiguration;
			buildSettings = {
				ASSETCATALOG_COMPILER_APPICON_NAME = AppIcon;
				DEVELOPMENT_TEAM = FJ4U7R259J;
				INFOPLIST_FILE = CalendarViewDemo/Info.plist;
				LD_RUNPATH_SEARCH_PATHS = "$(inherited) @executable_path/Frameworks";
				PRODUCT_BUNDLE_IDENTIFIER = "Ohako-products.CalendarViewDemo";
				PRODUCT_NAME = "$(TARGET_NAME)";
				SWIFT_VERSION = 3.0;
			};
			name = Release;
		};
/* End XCBuildConfiguration section */

/* Begin XCConfigurationList section */
		8BF60E4B1E4801B000EA05EB /* Build configuration list for PBXProject "CalendarViewDemo" */ = {
			isa = XCConfigurationList;
			buildConfigurations = (
				8BF60E601E4801B000EA05EB /* Debug */,
				8BF60E611E4801B000EA05EB /* Release */,
			);
			defaultConfigurationIsVisible = 0;
			defaultConfigurationName = Release;
		};
		8BF60E621E4801B000EA05EB /* Build configuration list for PBXNativeTarget "CalendarViewDemo" */ = {
			isa = XCConfigurationList;
			buildConfigurations = (
				8BF60E631E4801B000EA05EB /* Debug */,
				8BF60E641E4801B000EA05EB /* Release */,
			);
			defaultConfigurationIsVisible = 0;
			defaultConfigurationName = Release;
		};
/* End XCConfigurationList section */
	};
	rootObject = 8BF60E481E4801B000EA05EB /* Project object */;
}
